// !$*UTF8*$!
{
	archiveVersion = 1;
	classes = {
	};
	objectVersion = 56;
	objects = {

/* Begin PBXBuildFile section */
		DA00580D29F7FA1900C3FDB8 /* Profile.swift in Sources */ = {isa = PBXBuildFile; fileRef = DA00580C29F7FA1900C3FDB8 /* Profile.swift */; };
		DA00581029F7FB4A00C3FDB8 /* ProfileHost.swift in Sources */ = {isa = PBXBuildFile; fileRef = DA00580F29F7FB4A00C3FDB8 /* ProfileHost.swift */; };
		DA00581229F7FBF400C3FDB8 /* ProfileSummary.swift in Sources */ = {isa = PBXBuildFile; fileRef = DA00581129F7FBF400C3FDB8 /* ProfileSummary.swift */; };
		DA00581429F7FDEF00C3FDB8 /* HikeBadge.swift in Sources */ = {isa = PBXBuildFile; fileRef = DA00581329F7FDEF00C3FDB8 /* HikeBadge.swift */; };
		DA00581629F80D7A00C3FDB8 /* ProfileEditor.swift in Sources */ = {isa = PBXBuildFile; fileRef = DA00581529F80D7A00C3FDB8 /* ProfileEditor.swift */; };
		DA00581929F90A2400C3FDB8 /* PageViewController.swift in Sources */ = {isa = PBXBuildFile; fileRef = DA00581829F90A2400C3FDB8 /* PageViewController.swift */; };
		DA00581B29F90D3C00C3FDB8 /* FeatureCard.swift in Sources */ = {isa = PBXBuildFile; fileRef = DA00581A29F90D3C00C3FDB8 /* FeatureCard.swift */; };
		DA00581D29F90E9500C3FDB8 /* PageView.swift in Sources */ = {isa = PBXBuildFile; fileRef = DA00581C29F90E9500C3FDB8 /* PageView.swift */; };
		DA00581F29F912E000C3FDB8 /* PageControl.swift in Sources */ = {isa = PBXBuildFile; fileRef = DA00581E29F912E000C3FDB8 /* PageControl.swift */; };
		DA95050929E6F92C00CE1BC4 /* LandmarkRow.swift in Sources */ = {isa = PBXBuildFile; fileRef = DA95050829E6F92B00CE1BC4 /* LandmarkRow.swift */; };
		DA95050B29E6FB1900CE1BC4 /* LandmarkList.swift in Sources */ = {isa = PBXBuildFile; fileRef = DA95050A29E6FB1900CE1BC4 /* LandmarkList.swift */; };
		DA95050D29E6FD5A00CE1BC4 /* LandmarkDetail.swift in Sources */ = {isa = PBXBuildFile; fileRef = DA95050C29E6FD5A00CE1BC4 /* LandmarkDetail.swift */; };
		DAA176D329E80678006EEC80 /* FavoriteButton.swift in Sources */ = {isa = PBXBuildFile; fileRef = DAA176D229E80678006EEC80 /* FavoriteButton.swift */; };
		DAA176D629E82B30006EEC80 /* HexagonParameters.swift in Sources */ = {isa = PBXBuildFile; fileRef = DAA176D529E82B30006EEC80 /* HexagonParameters.swift */; };
		DAA176D829E82C85006EEC80 /* BadgeBackground.swift in Sources */ = {isa = PBXBuildFile; fileRef = DAA176D729E82C85006EEC80 /* BadgeBackground.swift */; };
		DAA176DA29E832A1006EEC80 /* BadgeSymbol.swift in Sources */ = {isa = PBXBuildFile; fileRef = DAA176D929E832A1006EEC80 /* BadgeSymbol.swift */; };
		DAA176DC29E8358C006EEC80 /* RotatedBadgeSymbol.swift in Sources */ = {isa = PBXBuildFile; fileRef = DAA176DB29E8358C006EEC80 /* RotatedBadgeSymbol.swift */; };
		DAA176DE29E83602006EEC80 /* Badge.swift in Sources */ = {isa = PBXBuildFile; fileRef = DAA176DD29E83602006EEC80 /* Badge.swift */; };
		DAA176E229E845F3006EEC80 /* hikeData.json in Resources */ = {isa = PBXBuildFile; fileRef = DAA176E129E845F3006EEC80 /* hikeData.json */; };
		DAA176E829E84635006EEC80 /* GraphCapsule.swift in Sources */ = {isa = PBXBuildFile; fileRef = DAA176E429E84635006EEC80 /* GraphCapsule.swift */; };
		DAA176E929E84635006EEC80 /* HikeGraph.swift in Sources */ = {isa = PBXBuildFile; fileRef = DAA176E529E84635006EEC80 /* HikeGraph.swift */; };
		DAA176EA29E84635006EEC80 /* HikeDetail.swift in Sources */ = {isa = PBXBuildFile; fileRef = DAA176E629E84635006EEC80 /* HikeDetail.swift */; };
		DAA176EB29E84635006EEC80 /* HikeView.swift in Sources */ = {isa = PBXBuildFile; fileRef = DAA176E729E84635006EEC80 /* HikeView.swift */; };
		DAA176ED29E84667006EEC80 /* Hike.swift in Sources */ = {isa = PBXBuildFile; fileRef = DAA176EC29E84667006EEC80 /* Hike.swift */; };
		DACCD01929E5378A00BB6771 /* LandmarksApp.swift in Sources */ = {isa = PBXBuildFile; fileRef = DACCD01829E5378A00BB6771 /* LandmarksApp.swift */; };
		DACCD01B29E5378A00BB6771 /* ContentView.swift in Sources */ = {isa = PBXBuildFile; fileRef = DACCD01A29E5378A00BB6771 /* ContentView.swift */; };
		DACCD01D29E5378B00BB6771 /* Assets.xcassets in Resources */ = {isa = PBXBuildFile; fileRef = DACCD01C29E5378B00BB6771 /* Assets.xcassets */; };
		DACCD02029E5378B00BB6771 /* Preview Assets.xcassets in Resources */ = {isa = PBXBuildFile; fileRef = DACCD01F29E5378B00BB6771 /* Preview Assets.xcassets */; };
		DACCD02729E59F1F00BB6771 /* CircleImage.swift in Sources */ = {isa = PBXBuildFile; fileRef = DACCD02629E59F1F00BB6771 /* CircleImage.swift */; };
		DACCD02929E5A0F600BB6771 /* MapView.swift in Sources */ = {isa = PBXBuildFile; fileRef = DACCD02829E5A0F600BB6771 /* MapView.swift */; };
		DACCD02B29E5A4D000BB6771 /* landmarkData.json in Resources */ = {isa = PBXBuildFile; fileRef = DACCD02A29E5A4D000BB6771 /* landmarkData.json */; };
		DACCD02D29E5AAAE00BB6771 /* Landmark.swift in Sources */ = {isa = PBXBuildFile; fileRef = DACCD02C29E5AAAE00BB6771 /* Landmark.swift */; };
		DACCD02F29E5ACC400BB6771 /* ModelData.swift in Sources */ = {isa = PBXBuildFile; fileRef = DACCD02E29E5ACC400BB6771 /* ModelData.swift */; };
		DAEB844B29EAF478004D3569 /* CategoryHome.swift in Sources */ = {isa = PBXBuildFile; fileRef = DAEB844A29EAF478004D3569 /* CategoryHome.swift */; };
		DAEB844D29EBFFA7004D3569 /* CategoryRow.swift in Sources */ = {isa = PBXBuildFile; fileRef = DAEB844C29EBFFA7004D3569 /* CategoryRow.swift */; };
		DAEB844F29EC0160004D3569 /* CategoryItem.swift in Sources */ = {isa = PBXBuildFile; fileRef = DAEB844E29EC0160004D3569 /* CategoryItem.swift */; };
/* End PBXBuildFile section */

/* Begin PBXFileReference section */
		DA00580C29F7FA1900C3FDB8 /* Profile.swift */ = {isa = PBXFileReference; lastKnownFileType = sourcecode.swift; path = Profile.swift; sourceTree = "<group>"; };
		DA00580F29F7FB4A00C3FDB8 /* ProfileHost.swift */ = {isa = PBXFileReference; lastKnownFileType = sourcecode.swift; path = ProfileHost.swift; sourceTree = "<group>"; };
		DA00581129F7FBF400C3FDB8 /* ProfileSummary.swift */ = {isa = PBXFileReference; lastKnownFileType = sourcecode.swift; path = ProfileSummary.swift; sourceTree = "<group>"; };
		DA00581329F7FDEF00C3FDB8 /* HikeBadge.swift */ = {isa = PBXFileReference; lastKnownFileType = sourcecode.swift; path = HikeBadge.swift; sourceTree = "<group>"; };
		DA00581529F80D7A00C3FDB8 /* ProfileEditor.swift */ = {isa = PBXFileReference; lastKnownFileType = sourcecode.swift; path = ProfileEditor.swift; sourceTree = "<group>"; };
		DA00581829F90A2400C3FDB8 /* PageViewController.swift */ = {isa = PBXFileReference; lastKnownFileType = sourcecode.swift; path = PageViewController.swift; sourceTree = "<group>"; };
		DA00581A29F90D3C00C3FDB8 /* FeatureCard.swift */ = {isa = PBXFileReference; lastKnownFileType = sourcecode.swift; path = FeatureCard.swift; sourceTree = "<group>"; };
		DA00581C29F90E9500C3FDB8 /* PageView.swift */ = {isa = PBXFileReference; lastKnownFileType = sourcecode.swift; path = PageView.swift; sourceTree = "<group>"; };
		DA00581E29F912E000C3FDB8 /* PageControl.swift */ = {isa = PBXFileReference; lastKnownFileType = sourcecode.swift; path = PageControl.swift; sourceTree = "<group>"; };
		DA95050829E6F92B00CE1BC4 /* LandmarkRow.swift */ = {isa = PBXFileReference; lastKnownFileType = sourcecode.swift; path = LandmarkRow.swift; sourceTree = "<group>"; };
		DA95050A29E6FB1900CE1BC4 /* LandmarkList.swift */ = {isa = PBXFileReference; lastKnownFileType = sourcecode.swift; path = LandmarkList.swift; sourceTree = "<group>"; };
		DA95050C29E6FD5A00CE1BC4 /* LandmarkDetail.swift */ = {isa = PBXFileReference; lastKnownFileType = sourcecode.swift; path = LandmarkDetail.swift; sourceTree = "<group>"; };
		DAA176D229E80678006EEC80 /* FavoriteButton.swift */ = {isa = PBXFileReference; lastKnownFileType = sourcecode.swift; path = FavoriteButton.swift; sourceTree = "<group>"; };
		DAA176D529E82B30006EEC80 /* HexagonParameters.swift */ = {isa = PBXFileReference; lastKnownFileType = sourcecode.swift; path = HexagonParameters.swift; sourceTree = "<group>"; };
		DAA176D729E82C85006EEC80 /* BadgeBackground.swift */ = {isa = PBXFileReference; lastKnownFileType = sourcecode.swift; path = BadgeBackground.swift; sourceTree = "<group>"; };
		DAA176D929E832A1006EEC80 /* BadgeSymbol.swift */ = {isa = PBXFileReference; lastKnownFileType = sourcecode.swift; path = BadgeSymbol.swift; sourceTree = "<group>"; };
		DAA176DB29E8358C006EEC80 /* RotatedBadgeSymbol.swift */ = {isa = PBXFileReference; lastKnownFileType = sourcecode.swift; path = RotatedBadgeSymbol.swift; sourceTree = "<group>"; };
		DAA176DD29E83602006EEC80 /* Badge.swift */ = {isa = PBXFileReference; lastKnownFileType = sourcecode.swift; path = Badge.swift; sourceTree = "<group>"; };
		DAA176E129E845F3006EEC80 /* hikeData.json */ = {isa = PBXFileReference; fileEncoding = 4; lastKnownFileType = text.json; path = hikeData.json; sourceTree = "<group>"; };
		DAA176E429E84635006EEC80 /* GraphCapsule.swift */ = {isa = PBXFileReference; fileEncoding = 4; lastKnownFileType = sourcecode.swift; path = GraphCapsule.swift; sourceTree = "<group>"; };
		DAA176E529E84635006EEC80 /* HikeGraph.swift */ = {isa = PBXFileReference; fileEncoding = 4; lastKnownFileType = sourcecode.swift; path = HikeGraph.swift; sourceTree = "<group>"; };
		DAA176E629E84635006EEC80 /* HikeDetail.swift */ = {isa = PBXFileReference; fileEncoding = 4; lastKnownFileType = sourcecode.swift; path = HikeDetail.swift; sourceTree = "<group>"; };
		DAA176E729E84635006EEC80 /* HikeView.swift */ = {isa = PBXFileReference; fileEncoding = 4; lastKnownFileType = sourcecode.swift; path = HikeView.swift; sourceTree = "<group>"; };
		DAA176EC29E84667006EEC80 /* Hike.swift */ = {isa = PBXFileReference; lastKnownFileType = sourcecode.swift; path = Hike.swift; sourceTree = "<group>"; };
		DACCD01529E5378A00BB6771 /* Landmarks.app */ = {isa = PBXFileReference; explicitFileType = wrapper.application; includeInIndex = 0; path = Landmarks.app; sourceTree = BUILT_PRODUCTS_DIR; };
		DACCD01829E5378A00BB6771 /* LandmarksApp.swift */ = {isa = PBXFileReference; lastKnownFileType = sourcecode.swift; path = LandmarksApp.swift; sourceTree = "<group>"; };
		DACCD01A29E5378A00BB6771 /* ContentView.swift */ = {isa = PBXFileReference; lastKnownFileType = sourcecode.swift; path = ContentView.swift; sourceTree = "<group>"; };
		DACCD01C29E5378B00BB6771 /* Assets.xcassets */ = {isa = PBXFileReference; lastKnownFileType = folder.assetcatalog; path = Assets.xcassets; sourceTree = "<group>"; };
		DACCD01F29E5378B00BB6771 /* Preview Assets.xcassets */ = {isa = PBXFileReference; lastKnownFileType = folder.assetcatalog; path = "Preview Assets.xcassets"; sourceTree = "<group>"; };
		DACCD02629E59F1F00BB6771 /* CircleImage.swift */ = {isa = PBXFileReference; lastKnownFileType = sourcecode.swift; path = CircleImage.swift; sourceTree = "<group>"; };
		DACCD02829E5A0F600BB6771 /* MapView.swift */ = {isa = PBXFileReference; lastKnownFileType = sourcecode.swift; path = MapView.swift; sourceTree = "<group>"; };
		DACCD02A29E5A4D000BB6771 /* landmarkData.json */ = {isa = PBXFileReference; fileEncoding = 4; lastKnownFileType = text.json; path = landmarkData.json; sourceTree = "<group>"; };
		DACCD02C29E5AAAE00BB6771 /* Landmark.swift */ = {isa = PBXFileReference; lastKnownFileType = sourcecode.swift; path = Landmark.swift; sourceTree = "<group>"; };
		DACCD02E29E5ACC400BB6771 /* ModelData.swift */ = {isa = PBXFileReference; lastKnownFileType = sourcecode.swift; path = ModelData.swift; sourceTree = "<group>"; };
		DAEB844A29EAF478004D3569 /* CategoryHome.swift */ = {isa = PBXFileReference; lastKnownFileType = sourcecode.swift; path = CategoryHome.swift; sourceTree = "<group>"; };
		DAEB844C29EBFFA7004D3569 /* CategoryRow.swift */ = {isa = PBXFileReference; lastKnownFileType = sourcecode.swift; path = CategoryRow.swift; sourceTree = "<group>"; };
		DAEB844E29EC0160004D3569 /* CategoryItem.swift */ = {isa = PBXFileReference; lastKnownFileType = sourcecode.swift; path = CategoryItem.swift; sourceTree = "<group>"; };
/* End PBXFileReference section */

/* Begin PBXFrameworksBuildPhase section */
		DACCD01229E5378A00BB6771 /* Frameworks */ = {
			isa = PBXFrameworksBuildPhase;
			buildActionMask = 2147483647;
			files = (
			);
			runOnlyForDeploymentPostprocessing = 0;
		};
/* End PBXFrameworksBuildPhase section */

/* Begin PBXGroup section */
		DA00580E29F7FB2B00C3FDB8 /* Profiles */ = {
			isa = PBXGroup;
			children = (
				DA00580F29F7FB4A00C3FDB8 /* ProfileHost.swift */,
				DA00581129F7FBF400C3FDB8 /* ProfileSummary.swift */,
				DA00581529F80D7A00C3FDB8 /* ProfileEditor.swift */,
			);
			path = Profiles;
			sourceTree = "<group>";
		};
		DA00581729F909CC00C3FDB8 /* PageView */ = {
			isa = PBXGroup;
			children = (
				DA00581829F90A2400C3FDB8 /* PageViewController.swift */,
				DA00581A29F90D3C00C3FDB8 /* FeatureCard.swift */,
				DA00581C29F90E9500C3FDB8 /* PageView.swift */,
				DA00581E29F912E000C3FDB8 /* PageControl.swift */,
			);
			path = PageView;
			sourceTree = "<group>";
		};
		DAA176D429E8075C006EEC80 /* Helpers */ = {
			isa = PBXGroup;
			children = (
				DAA176D229E80678006EEC80 /* FavoriteButton.swift */,
				DACCD02829E5A0F600BB6771 /* MapView.swift */,
				DACCD02629E59F1F00BB6771 /* CircleImage.swift */,
			);
			path = Helpers;
			sourceTree = "<group>";
		};
		DAA176DF29E837C8006EEC80 /* Badges */ = {
			isa = PBXGroup;
			children = (
				DAA176D529E82B30006EEC80 /* HexagonParameters.swift */,
				DAA176D729E82C85006EEC80 /* BadgeBackground.swift */,
				DAA176D929E832A1006EEC80 /* BadgeSymbol.swift */,
				DAA176DB29E8358C006EEC80 /* RotatedBadgeSymbol.swift */,
				DAA176DD29E83602006EEC80 /* Badge.swift */,
			);
			path = Badges;
			sourceTree = "<group>";
		};
		DAA176E029E8393B006EEC80 /* Landmarks */ = {
			isa = PBXGroup;
			children = (
				DA95050829E6F92B00CE1BC4 /* LandmarkRow.swift */,
				DA95050A29E6FB1900CE1BC4 /* LandmarkList.swift */,
				DA95050C29E6FD5A00CE1BC4 /* LandmarkDetail.swift */,
			);
			path = Landmarks;
			sourceTree = "<group>";
		};
		DAA176E329E84635006EEC80 /* Hikes */ = {
			isa = PBXGroup;
			children = (
				DAA176E429E84635006EEC80 /* GraphCapsule.swift */,
				DAA176E529E84635006EEC80 /* HikeGraph.swift */,
				DAA176E629E84635006EEC80 /* HikeDetail.swift */,
				DAA176E729E84635006EEC80 /* HikeView.swift */,
				DA00581329F7FDEF00C3FDB8 /* HikeBadge.swift */,
			);
			path = Hikes;
			sourceTree = "<group>";
		};
		DACCD00C29E5378A00BB6771 = {
			isa = PBXGroup;
			children = (
				DACCD01729E5378A00BB6771 /* Landmarks */,
				DACCD01629E5378A00BB6771 /* Products */,
			);
			sourceTree = "<group>";
		};
		DACCD01629E5378A00BB6771 /* Products */ = {
			isa = PBXGroup;
			children = (
				DACCD01529E5378A00BB6771 /* Landmarks.app */,
			);
			name = Products;
			sourceTree = "<group>";
		};
		DACCD01729E5378A00BB6771 /* Landmarks */ = {
			isa = PBXGroup;
			children = (
				DACCD01829E5378A00BB6771 /* LandmarksApp.swift */,
				DACCD01C29E5378B00BB6771 /* Assets.xcassets */,
				DACCD03129E5AD9300BB6771 /* Model */,
				DACCD01E29E5378B00BB6771 /* Preview Content */,
				DACCD03229E5ADB000BB6771 /* Resources */,
				DACCD03029E5AD5B00BB6771 /* Views */,
			);
			path = Landmarks;
			sourceTree = "<group>";
		};
		DACCD01E29E5378B00BB6771 /* Preview Content */ = {
			isa = PBXGroup;
			children = (
				DACCD01F29E5378B00BB6771 /* Preview Assets.xcassets */,
			);
			path = "Preview Content";
			sourceTree = "<group>";
		};
		DACCD03029E5AD5B00BB6771 /* Views */ = {
			isa = PBXGroup;
			children = (
				DA00581729F909CC00C3FDB8 /* PageView */,
				DA00580E29F7FB2B00C3FDB8 /* Profiles */,
				DAEB844929EAF436004D3569 /* Categories */,
				DAA176E329E84635006EEC80 /* Hikes */,
				DAA176E029E8393B006EEC80 /* Landmarks */,
				DAA176D429E8075C006EEC80 /* Helpers */,
				DAA176DF29E837C8006EEC80 /* Badges */,
				DACCD01A29E5378A00BB6771 /* ContentView.swift */,
			);
			path = Views;
			sourceTree = "<group>";
		};
		DACCD03129E5AD9300BB6771 /* Model */ = {
			isa = PBXGroup;
			children = (
				DACCD02C29E5AAAE00BB6771 /* Landmark.swift */,
				DACCD02E29E5ACC400BB6771 /* ModelData.swift */,
				DAA176EC29E84667006EEC80 /* Hike.swift */,
				DA00580C29F7FA1900C3FDB8 /* Profile.swift */,
			);
			path = Model;
			sourceTree = "<group>";
		};
		DACCD03229E5ADB000BB6771 /* Resources */ = {
			isa = PBXGroup;
			children = (
				DAA176E129E845F3006EEC80 /* hikeData.json */,
				DACCD02A29E5A4D000BB6771 /* landmarkData.json */,
			);
			path = Resources;
			sourceTree = "<group>";
		};
		DAEB844929EAF436004D3569 /* Categories */ = {
			isa = PBXGroup;
			children = (
				DAEB844A29EAF478004D3569 /* CategoryHome.swift */,
				DAEB844C29EBFFA7004D3569 /* CategoryRow.swift */,
				DAEB844E29EC0160004D3569 /* CategoryItem.swift */,
			);
			path = Categories;
			sourceTree = "<group>";
		};
/* End PBXGroup section */

/* Begin PBXNativeTarget section */
		DACCD01429E5378A00BB6771 /* Landmarks */ = {
			isa = PBXNativeTarget;
			buildConfigurationList = DACCD02329E5378B00BB6771 /* Build configuration list for PBXNativeTarget "Landmarks" */;
			buildPhases = (
				DACCD01129E5378A00BB6771 /* Sources */,
				DACCD01229E5378A00BB6771 /* Frameworks */,
				DACCD01329E5378A00BB6771 /* Resources */,
			);
			buildRules = (
			);
			dependencies = (
			);
			name = Landmarks;
			productName = Landmarks;
			productReference = DACCD01529E5378A00BB6771 /* Landmarks.app */;
			productType = "com.apple.product-type.application";
		};
/* End PBXNativeTarget section */

/* Begin PBXProject section */
		DACCD00D29E5378A00BB6771 /* Project object */ = {
			isa = PBXProject;
			attributes = {
				BuildIndependentTargetsInParallel = 1;
				LastSwiftUpdateCheck = 1430;
				LastUpgradeCheck = 1430;
				TargetAttributes = {
					DACCD01429E5378A00BB6771 = {
						CreatedOnToolsVersion = 14.3;
					};
				};
			};
			buildConfigurationList = DACCD01029E5378A00BB6771 /* Build configuration list for PBXProject "Landmarks" */;
			compatibilityVersion = "Xcode 14.0";
			developmentRegion = en;
			hasScannedForEncodings = 0;
			knownRegions = (
				en,
				Base,
			);
			mainGroup = DACCD00C29E5378A00BB6771;
			productRefGroup = DACCD01629E5378A00BB6771 /* Products */;
			projectDirPath = "";
			projectRoot = "";
			targets = (
				DACCD01429E5378A00BB6771 /* Landmarks */,
			);
		};
/* End PBXProject section */

/* Begin PBXResourcesBuildPhase section */
		DACCD01329E5378A00BB6771 /* Resources */ = {
			isa = PBXResourcesBuildPhase;
			buildActionMask = 2147483647;
			files = (
				DAA176E229E845F3006EEC80 /* hikeData.json in Resources */,
				DACCD02029E5378B00BB6771 /* Preview Assets.xcassets in Resources */,
				DACCD01D29E5378B00BB6771 /* Assets.xcassets in Resources */,
				DACCD02B29E5A4D000BB6771 /* landmarkData.json in Resources */,
			);
			runOnlyForDeploymentPostprocessing = 0;
		};
/* End PBXResourcesBuildPhase section */

/* Begin PBXSourcesBuildPhase section */
		DACCD01129E5378A00BB6771 /* Sources */ = {
			isa = PBXSourcesBuildPhase;
			buildActionMask = 2147483647;
			files = (
				DAEB844D29EBFFA7004D3569 /* CategoryRow.swift in Sources */,
				DA00580D29F7FA1900C3FDB8 /* Profile.swift in Sources */,
				DACCD01B29E5378A00BB6771 /* ContentView.swift in Sources */,
				DAEB844B29EAF478004D3569 /* CategoryHome.swift in Sources */,
				DA00581B29F90D3C00C3FDB8 /* FeatureCard.swift in Sources */,
				DAA176DE29E83602006EEC80 /* Badge.swift in Sources */,
				DACCD02929E5A0F600BB6771 /* MapView.swift in Sources */,
				DACCD01929E5378A00BB6771 /* LandmarksApp.swift in Sources */,
				DAA176EB29E84635006EEC80 /* HikeView.swift in Sources */,
				DAA176D329E80678006EEC80 /* FavoriteButton.swift in Sources */,
				DA00581F29F912E000C3FDB8 /* PageControl.swift in Sources */,
				DAA176D629E82B30006EEC80 /* HexagonParameters.swift in Sources */,
				DAEB844F29EC0160004D3569 /* CategoryItem.swift in Sources */,
				DAA176DC29E8358C006EEC80 /* RotatedBadgeSymbol.swift in Sources */,
				DA00581229F7FBF400C3FDB8 /* ProfileSummary.swift in Sources */,
				DAA176DA29E832A1006EEC80 /* BadgeSymbol.swift in Sources */,
				DA00581029F7FB4A00C3FDB8 /* ProfileHost.swift in Sources */,
				DA95050B29E6FB1900CE1BC4 /* LandmarkList.swift in Sources */,
				DAA176ED29E84667006EEC80 /* Hike.swift in Sources */,
				DA00581D29F90E9500C3FDB8 /* PageView.swift in Sources */,
				DA95050D29E6FD5A00CE1BC4 /* LandmarkDetail.swift in Sources */,
				DA00581629F80D7A00C3FDB8 /* ProfileEditor.swift in Sources */,
				DAA176D829E82C85006EEC80 /* BadgeBackground.swift in Sources */,
				DAA176EA29E84635006EEC80 /* HikeDetail.swift in Sources */,
				DACCD02729E59F1F00BB6771 /* CircleImage.swift in Sources */,
				DA00581929F90A2400C3FDB8 /* PageViewController.swift in Sources */,
				DAA176E829E84635006EEC80 /* GraphCapsule.swift in Sources */,
				DA00581429F7FDEF00C3FDB8 /* HikeBadge.swift in Sources */,
				DACCD02D29E5AAAE00BB6771 /* Landmark.swift in Sources */,
				DA95050929E6F92C00CE1BC4 /* LandmarkRow.swift in Sources */,
				DACCD02F29E5ACC400BB6771 /* ModelData.swift in Sources */,
				DAA176E929E84635006EEC80 /* HikeGraph.swift in Sources */,
			);
			runOnlyForDeploymentPostprocessing = 0;
		};
/* End PBXSourcesBuildPhase section */

/* Begin XCBuildConfiguration section */
		DACCD02129E5378B00BB6771 /* Debug */ = {
			isa = XCBuildConfiguration;
			buildSettings = {
				ALWAYS_SEARCH_USER_PATHS = NO;
				CLANG_ANALYZER_NONNULL = YES;
				CLANG_ANALYZER_NUMBER_OBJECT_CONVERSION = YES_AGGRESSIVE;
				CLANG_CXX_LANGUAGE_STANDARD = "gnu++20";
				CLANG_ENABLE_MODULES = YES;
				CLANG_ENABLE_OBJC_ARC = YES;
				CLANG_ENABLE_OBJC_WEAK = YES;
				CLANG_WARN_BLOCK_CAPTURE_AUTORELEASING = YES;
				CLANG_WARN_BOOL_CONVERSION = YES;
				CLANG_WARN_COMMA = YES;
				CLANG_WARN_CONSTANT_CONVERSION = YES;
				CLANG_WARN_DEPRECATED_OBJC_IMPLEMENTATIONS = YES;
				CLANG_WARN_DIRECT_OBJC_ISA_USAGE = YES_ERROR;
				CLANG_WARN_DOCUMENTATION_COMMENTS = YES;
				CLANG_WARN_EMPTY_BODY = YES;
				CLANG_WARN_ENUM_CONVERSION = YES;
				CLANG_WARN_INFINITE_RECURSION = YES;
				CLANG_WARN_INT_CONVERSION = YES;
				CLANG_WARN_NON_LITERAL_NULL_CONVERSION = YES;
				CLANG_WARN_OBJC_IMPLICIT_RETAIN_SELF = YES;
				CLANG_WARN_OBJC_LITERAL_CONVERSION = YES;
				CLANG_WARN_OBJC_ROOT_CLASS = YES_ERROR;
				CLANG_WARN_QUOTED_INCLUDE_IN_FRAMEWORK_HEADER = YES;
				CLANG_WARN_RANGE_LOOP_ANALYSIS = YES;
				CLANG_WARN_STRICT_PROTOTYPES = YES;
				CLANG_WARN_SUSPICIOUS_MOVE = YES;
				CLANG_WARN_UNGUARDED_AVAILABILITY = YES_AGGRESSIVE;
				CLANG_WARN_UNREACHABLE_CODE = YES;
				CLANG_WARN__DUPLICATE_METHOD_MATCH = YES;
				COPY_PHASE_STRIP = NO;
				DEBUG_INFORMATION_FORMAT = dwarf;
				ENABLE_STRICT_OBJC_MSGSEND = YES;
				ENABLE_TESTABILITY = YES;
				GCC_C_LANGUAGE_STANDARD = gnu11;
				GCC_DYNAMIC_NO_PIC = NO;
				GCC_NO_COMMON_BLOCKS = YES;
				GCC_OPTIMIZATION_LEVEL = 0;
				GCC_PREPROCESSOR_DEFINITIONS = (
					"DEBUG=1",
					"$(inherited)",
				);
				GCC_WARN_64_TO_32_BIT_CONVERSION = YES;
				GCC_WARN_ABOUT_RETURN_TYPE = YES_ERROR;
				GCC_WARN_UNDECLARED_SELECTOR = YES;
				GCC_WARN_UNINITIALIZED_AUTOS = YES_AGGRESSIVE;
				GCC_WARN_UNUSED_FUNCTION = YES;
				GCC_WARN_UNUSED_VARIABLE = YES;
				IPHONEOS_DEPLOYMENT_TARGET = 16.4;
				MTL_ENABLE_DEBUG_INFO = INCLUDE_SOURCE;
				MTL_FAST_MATH = YES;
				ONLY_ACTIVE_ARCH = YES;
				SDKROOT = iphoneos;
				SWIFT_ACTIVE_COMPILATION_CONDITIONS = DEBUG;
				SWIFT_OPTIMIZATION_LEVEL = "-Onone";
			};
			name = Debug;
		};
		DACCD02229E5378B00BB6771 /* Release */ = {
			isa = XCBuildConfiguration;
			buildSettings = {
				ALWAYS_SEARCH_USER_PATHS = NO;
				CLANG_ANALYZER_NONNULL = YES;
				CLANG_ANALYZER_NUMBER_OBJECT_CONVERSION = YES_AGGRESSIVE;
				CLANG_CXX_LANGUAGE_STANDARD = "gnu++20";
				CLANG_ENABLE_MODULES = YES;
				CLANG_ENABLE_OBJC_ARC = YES;
				CLANG_ENABLE_OBJC_WEAK = YES;
				CLANG_WARN_BLOCK_CAPTURE_AUTORELEASING = YES;
				CLANG_WARN_BOOL_CONVERSION = YES;
				CLANG_WARN_COMMA = YES;
				CLANG_WARN_CONSTANT_CONVERSION = YES;
				CLANG_WARN_DEPRECATED_OBJC_IMPLEMENTATIONS = YES;
				CLANG_WARN_DIRECT_OBJC_ISA_USAGE = YES_ERROR;
				CLANG_WARN_DOCUMENTATION_COMMENTS = YES;
				CLANG_WARN_EMPTY_BODY = YES;
				CLANG_WARN_ENUM_CONVERSION = YES;
				CLANG_WARN_INFINITE_RECURSION = YES;
				CLANG_WARN_INT_CONVERSION = YES;
				CLANG_WARN_NON_LITERAL_NULL_CONVERSION = YES;
				CLANG_WARN_OBJC_IMPLICIT_RETAIN_SELF = YES;
				CLANG_WARN_OBJC_LITERAL_CONVERSION = YES;
				CLANG_WARN_OBJC_ROOT_CLASS = YES_ERROR;
				CLANG_WARN_QUOTED_INCLUDE_IN_FRAMEWORK_HEADER = YES;
				CLANG_WARN_RANGE_LOOP_ANALYSIS = YES;
				CLANG_WARN_STRICT_PROTOTYPES = YES;
				CLANG_WARN_SUSPICIOUS_MOVE = YES;
				CLANG_WARN_UNGUARDED_AVAILABILITY = YES_AGGRESSIVE;
				CLANG_WARN_UNREACHABLE_CODE = YES;
				CLANG_WARN__DUPLICATE_METHOD_MATCH = YES;
				COPY_PHASE_STRIP = NO;
				DEBUG_INFORMATION_FORMAT = "dwarf-with-dsym";
				ENABLE_NS_ASSERTIONS = NO;
				ENABLE_STRICT_OBJC_MSGSEND = YES;
				GCC_C_LANGUAGE_STANDARD = gnu11;
				GCC_NO_COMMON_BLOCKS = YES;
				GCC_WARN_64_TO_32_BIT_CONVERSION = YES;
				GCC_WARN_ABOUT_RETURN_TYPE = YES_ERROR;
				GCC_WARN_UNDECLARED_SELECTOR = YES;
				GCC_WARN_UNINITIALIZED_AUTOS = YES_AGGRESSIVE;
				GCC_WARN_UNUSED_FUNCTION = YES;
				GCC_WARN_UNUSED_VARIABLE = YES;
				IPHONEOS_DEPLOYMENT_TARGET = 16.4;
				MTL_ENABLE_DEBUG_INFO = NO;
				MTL_FAST_MATH = YES;
				SDKROOT = iphoneos;
				SWIFT_COMPILATION_MODE = wholemodule;
				SWIFT_OPTIMIZATION_LEVEL = "-O";
				VALIDATE_PRODUCT = YES;
			};
			name = Release;
		};
		DACCD02429E5378B00BB6771 /* Debug */ = {
			isa = XCBuildConfiguration;
			buildSettings = {
				ASSETCATALOG_COMPILER_APPICON_NAME = AppIcon;
				ASSETCATALOG_COMPILER_GLOBAL_ACCENT_COLOR_NAME = AccentColor;
				CODE_SIGN_STYLE = Automatic;
				CURRENT_PROJECT_VERSION = 1;
				DEVELOPMENT_ASSET_PATHS = "\"Landmarks/Preview Content\"";
				DEVELOPMENT_TEAM = 42VXN9JH3N;
				ENABLE_PREVIEWS = YES;
				GENERATE_INFOPLIST_FILE = YES;
				INFOPLIST_KEY_UIApplicationSceneManifest_Generation = YES;
				INFOPLIST_KEY_UIApplicationSupportsIndirectInputEvents = YES;
				INFOPLIST_KEY_UILaunchScreen_Generation = YES;
				INFOPLIST_KEY_UISupportedInterfaceOrientations_iPad = "UIInterfaceOrientationPortrait UIInterfaceOrientationPortraitUpsideDown UIInterfaceOrientationLandscapeLeft UIInterfaceOrientationLandscapeRight";
				INFOPLIST_KEY_UISupportedInterfaceOrientations_iPhone = "UIInterfaceOrientationPortrait UIInterfaceOrientationLandscapeLeft UIInterfaceOrientationLandscapeRight";
				LD_RUNPATH_SEARCH_PATHS = (
					"$(inherited)",
					"@executable_path/Frameworks",
				);
				MARKETING_VERSION = 1.0;
				PRODUCT_BUNDLE_IDENTIFIER = com.edhoguntur.Landmarks;
				PRODUCT_NAME = "$(TARGET_NAME)";
				SWIFT_EMIT_LOC_STRINGS = YES;
				SWIFT_VERSION = 5.0;
				TARGETED_DEVICE_FAMILY = "1,2";
			};
			name = Debug;
		};
		DACCD02529E5378B00BB6771 /* Release */ = {
			isa = XCBuildConfiguration;
			buildSettings = {
				ASSETCATALOG_COMPILER_APPICON_NAME = AppIcon;
				ASSETCATALOG_COMPILER_GLOBAL_ACCENT_COLOR_NAME = AccentColor;
				CODE_SIGN_STYLE = Automatic;
				CURRENT_PROJECT_VERSION = 1;
				DEVELOPMENT_ASSET_PATHS = "\"Landmarks/Preview Content\"";
				DEVELOPMENT_TEAM = 42VXN9JH3N;
				ENABLE_PREVIEWS = YES;
				GENERATE_INFOPLIST_FILE = YES;
				INFOPLIST_KEY_UIApplicationSceneManifest_Generation = YES;
				INFOPLIST_KEY_UIApplicationSupportsIndirectInputEvents = YES;
				INFOPLIST_KEY_UILaunchScreen_Generation = YES;
				INFOPLIST_KEY_UISupportedInterfaceOrientations_iPad = "UIInterfaceOrientationPortrait UIInterfaceOrientationPortraitUpsideDown UIInterfaceOrientationLandscapeLeft UIInterfaceOrientationLandscapeRight";
				INFOPLIST_KEY_UISupportedInterfaceOrientations_iPhone = "UIInterfaceOrientationPortrait UIInterfaceOrientationLandscapeLeft UIInterfaceOrientationLandscapeRight";
				LD_RUNPATH_SEARCH_PATHS = (
					"$(inherited)",
					"@executable_path/Frameworks",
				);
				MARKETING_VERSION = 1.0;
				PRODUCT_BUNDLE_IDENTIFIER = com.edhoguntur.Landmarks;
				PRODUCT_NAME = "$(TARGET_NAME)";
				SWIFT_EMIT_LOC_STRINGS = YES;
				SWIFT_VERSION = 5.0;
				TARGETED_DEVICE_FAMILY = "1,2";
			};
			name = Release;
		};
/* End XCBuildConfiguration section */

/* Begin XCConfigurationList section */
		DACCD01029E5378A00BB6771 /* Build configuration list for PBXProject "Landmarks" */ = {
			isa = XCConfigurationList;
			buildConfigurations = (
				DACCD02129E5378B00BB6771 /* Debug */,
				DACCD02229E5378B00BB6771 /* Release */,
			);
			defaultConfigurationIsVisible = 0;
			defaultConfigurationName = Release;
		};
		DACCD02329E5378B00BB6771 /* Build configuration list for PBXNativeTarget "Landmarks" */ = {
			isa = XCConfigurationList;
			buildConfigurations = (
				DACCD02429E5378B00BB6771 /* Debug */,
				DACCD02529E5378B00BB6771 /* Release */,
			);
			defaultConfigurationIsVisible = 0;
			defaultConfigurationName = Release;
		};
/* End XCConfigurationList section */
	};
	rootObject = DACCD00D29E5378A00BB6771 /* Project object */;
}
